schema: '2.0'
stages:
  data-cleaning:
    cmd: py -m src.data.data_cleaning
    deps:
    - path: data/raw/songs-info.csv
      hash: md5
      md5: d825a194720fafdd8ec999702117bd5c
      size: 15036557
    - path: src/data/data_cleaning.py
      hash: md5
      md5: 4a293ef0249afa5fa939ded9aa27e6c6
      size: 6156
    outs:
    - path: data/cleaned/songs-info-cleaned-content.csv
      hash: md5
      md5: f0760d63fc52a112321c8bfcaf918f20
      size: 6511888
    - path: data/cleaned/songs-info-collab.csv
      hash: md5
      md5: 4166517f699c4080dc60b607a802e7e9
      size: 13712185
  content-filtering:
    cmd: py -m src.content_based_filtering.content_filtering
    deps:
    - path: data/cleaned/songs-info-cleaned-content.csv
      hash: md5
      md5: f0760d63fc52a112321c8bfcaf918f20
      size: 6511888
    - path: src/content_based_filtering/content_filtering.py
      hash: md5
      md5: ea8872ba92a8812de20a29c6303404dd
      size: 12059
    outs:
    - path: data/processed/transformed_content_filtering.npz
      hash: md5
      md5: b3526e2f5d74e162a0d1bae5b6ad6cb0
      size: 4518736
    - path: models/transformers.joblib
      hash: md5
      md5: d5dc5c4a1fa253b4ffeaa4395820211d
      size: 141661
  collaborative-filtering:
    cmd: py -m src.collaborative_filtering.collaborative_recommendation
    deps:
    - path: data/cleaned/songs-info-collab.csv
      hash: md5
      md5: 4166517f699c4080dc60b607a802e7e9
      size: 13712185
    - path: data/raw/user-info.csv
      hash: md5
      md5: 2a055e408d5bcbceaaaafb8f82e949a8
      size: 612226872
    - path: src/collaborative_filtering/collaborative_recommendation.py
      hash: md5
      md5: 7deec0067eac7b481c9ff5dc6917ce7e
      size: 14251
    outs:
    - path: data/processed/collab_filtered.csv
      hash: md5
      md5: 43f298f3b2633056cead7296b80708c0
      size: 8260463
    - path: data/processed/interaction_matrix.npz
      hash: md5
      md5: 53f8fa1e7cec19856a6b2bc60ce8881f
      size: 32311353
    - path: data/processed/track_ids.npy
      hash: md5
      md5: 4a52e4cb6bae6b0126c1344dac7c7686
      size: 640058
  transform-filtered-data:
    cmd: py -m src.transformation.transform_filtered_data
    deps:
    - path: data/processed/collab_filtered.csv
      hash: md5
      md5: 43f298f3b2633056cead7296b80708c0
      size: 8260463
    - path: models/transformers.joblib
      hash: md5
      md5: d5dc5c4a1fa253b4ffeaa4395820211d
      size: 141661
    - path: src/transformation/transform_filtered_data.py
      hash: md5
      md5: ea9f8347ddd0004449eb38247ba97b14
      size: 6391
    outs:
    - path: data/processed/transformed_hybrid_data.npz
      hash: md5
      md5: cef9e7587da4cbefbf758a3b6684bd33
      size: 2733489
