schema: '2.0'
stages:
  data-cleaning:
    cmd: py -m src.data.data_cleaning
    deps:
    - path: data/raw/songs-info.csv
      hash: md5
      md5: d825a194720fafdd8ec999702117bd5c
      size: 15036557
    - path: src/data/data_cleaning.py
      hash: md5
      md5: 0e1a2180129cc6a2708085ae3a70bcad
      size: 5940
    outs:
    - path: data/cleaned/songs-info-cleaned.csv
      hash: md5
      md5: f0760d63fc52a112321c8bfcaf918f20
      size: 6511888
  content-filtering:
    cmd: py -m src.content-based-filtering.content-filtering
    deps:
    - path: data/cleaned/songs-info-cleaned.csv
      hash: md5
      md5: f0760d63fc52a112321c8bfcaf918f20
      size: 6511888
    - path: src/content-based-filtering/content-filtering.py
      hash: md5
      md5: 10323a39b8d373ff1bb805bf34a21367
      size: 12076
    outs:
    - path: data/processed/transformed_content_filtering.npz
      hash: md5
      md5: b3526e2f5d74e162a0d1bae5b6ad6cb0
      size: 4518736
    - path: models/transformers.joblib
      hash: md5
      md5: d44e764bf3730bfc227429d605c5b6d7
      size: 141661
